
Microsoft Visual Studio Solution File, Format Version 12.00
Project("{FAE04EC0-301F-11D3-BF4B-00C04F79EFBC}") = "Discord Lite", "Discord Lite\Discord Lite.csproj", "{1F9B4215-61AA-47E3-BC3C-FC524610E344}"
EndProject
Global
	GlobalSection(SolutionConfigurationPlatforms) = preSolution
		Debug|Any CPU = Debug|Any CPU
		Release|Any CPU = Release|Any CPU
	EndGlobalSection
	GlobalSection(ProjectConfigurationPlatforms) = postSolution
		{1F9B4215-61AA-47E3-BC3C-FC524610E344}.Debug|Any CPU.ActiveCfg = Debug|Any CPU
		{1F9B4215-61AA-47E3-BC3C-FC524610E344}.Debug|Any CPU.Build.0 = Debug|Any CPU
		{1F9B4215-61AA-47E3-BC3C-FC524610E344}.Release|Any CPU.ActiveCfg = Release|Any CPU
		{1F9B4215-61AA-47E3-BC3C-FC524610E344}.Release|Any CPU.Build.0 = Release|Any CPU
	EndGlobalSection
EndGlobal
